// !$*UTF8*$!
{
	archiveVersion = 1;
	classes = {
	};
	objectVersion = 56;
	objects = {

/* Begin PBXBuildFile section */
		7E11B1A32AB2B05B0087843B /* HomeView.swift in Sources */ = {isa = PBXBuildFile; fileRef = 7E11B1A22AB2B05B0087843B /* HomeView.swift */; };
		7E543BEF2AAFD21C00182DE3 /* InstafilterApp.swift in Sources */ = {isa = PBXBuildFile; fileRef = 7E543BEE2AAFD21C00182DE3 /* InstafilterApp.swift */; };
		7E543BF32AAFD21E00182DE3 /* Assets.xcassets in Resources */ = {isa = PBXBuildFile; fileRef = 7E543BF22AAFD21E00182DE3 /* Assets.xcassets */; };
		7E543BF62AAFD21E00182DE3 /* Preview Assets.xcassets in Resources */ = {isa = PBXBuildFile; fileRef = 7E543BF52AAFD21E00182DE3 /* Preview Assets.xcassets */; };
		7E5955EB2AB3A1B50054BDBC /* HomeViewModel.swift in Sources */ = {isa = PBXBuildFile; fileRef = 7E5955EA2AB3A1B50054BDBC /* HomeViewModel.swift */; };
		7ECE721C2AB535E600210D80 /* FilterButton.swift in Sources */ = {isa = PBXBuildFile; fileRef = 7ECE721B2AB535E600210D80 /* FilterButton.swift */; };
		7ECE72202AB5501800210D80 /* FilterManager.swift in Sources */ = {isa = PBXBuildFile; fileRef = 7ECE721F2AB5501800210D80 /* FilterManager.swift */; };
		7EE7784A2AB3B8FD003A9B5F /* FilterIntensityView.swift in Sources */ = {isa = PBXBuildFile; fileRef = 7EE778492AB3B8FD003A9B5F /* FilterIntensityView.swift */; };
		7EE7784C2AB3C6E3003A9B5F /* ImagePicker.swift in Sources */ = {isa = PBXBuildFile; fileRef = 7EE7784B2AB3C6E3003A9B5F /* ImagePicker.swift */; };
		7EE778502AB3C81A003A9B5F /* ImagePickerExtension.swift in Sources */ = {isa = PBXBuildFile; fileRef = 7EE7784F2AB3C81A003A9B5F /* ImagePickerExtension.swift */; };
/* End PBXBuildFile section */

/* Begin PBXFileReference section */
		7E11B1A22AB2B05B0087843B /* HomeView.swift */ = {isa = PBXFileReference; lastKnownFileType = sourcecode.swift; path = HomeView.swift; sourceTree = "<group>"; };
		7E543BEB2AAFD21C00182DE3 /* Instafilter.app */ = {isa = PBXFileReference; explicitFileType = wrapper.application; includeInIndex = 0; path = Instafilter.app; sourceTree = BUILT_PRODUCTS_DIR; };
		7E543BEE2AAFD21C00182DE3 /* InstafilterApp.swift */ = {isa = PBXFileReference; lastKnownFileType = sourcecode.swift; path = InstafilterApp.swift; sourceTree = "<group>"; };
		7E543BF22AAFD21E00182DE3 /* Assets.xcassets */ = {isa = PBXFileReference; lastKnownFileType = folder.assetcatalog; path = Assets.xcassets; sourceTree = "<group>"; };
		7E543BF52AAFD21E00182DE3 /* Preview Assets.xcassets */ = {isa = PBXFileReference; lastKnownFileType = folder.assetcatalog; path = "Preview Assets.xcassets"; sourceTree = "<group>"; };
		7E5955EA2AB3A1B50054BDBC /* HomeViewModel.swift */ = {isa = PBXFileReference; lastKnownFileType = sourcecode.swift; path = HomeViewModel.swift; sourceTree = "<group>"; };
		7ECE721B2AB535E600210D80 /* FilterButton.swift */ = {isa = PBXFileReference; lastKnownFileType = sourcecode.swift; path = FilterButton.swift; sourceTree = "<group>"; };
		7ECE721F2AB5501800210D80 /* FilterManager.swift */ = {isa = PBXFileReference; lastKnownFileType = sourcecode.swift; path = FilterManager.swift; sourceTree = "<group>"; };
		7EE778492AB3B8FD003A9B5F /* FilterIntensityView.swift */ = {isa = PBXFileReference; lastKnownFileType = sourcecode.swift; path = FilterIntensityView.swift; sourceTree = "<group>"; };
		7EE7784B2AB3C6E3003A9B5F /* ImagePicker.swift */ = {isa = PBXFileReference; lastKnownFileType = sourcecode.swift; path = ImagePicker.swift; sourceTree = "<group>"; };
		7EE7784F2AB3C81A003A9B5F /* ImagePickerExtension.swift */ = {isa = PBXFileReference; lastKnownFileType = sourcecode.swift; path = ImagePickerExtension.swift; sourceTree = "<group>"; };
/* End PBXFileReference section */

/* Begin PBXFrameworksBuildPhase section */
		7E543BE82AAFD21C00182DE3 /* Frameworks */ = {
			isa = PBXFrameworksBuildPhase;
			buildActionMask = 2147483647;
			files = (
			);
			runOnlyForDeploymentPostprocessing = 0;
		};
/* End PBXFrameworksBuildPhase section */

/* Begin PBXGroup section */
		7E11B19E2AB2B0070087843B /* View-Model */ = {
			isa = PBXGroup;
			children = (
				7E5955EA2AB3A1B50054BDBC /* HomeViewModel.swift */,
			);
			path = "View-Model";
			sourceTree = "<group>";
		};
		7E11B19F2AB2B0190087843B /* View */ = {
			isa = PBXGroup;
			children = (
				7E11B1A22AB2B05B0087843B /* HomeView.swift */,
				7EE7784B2AB3C6E3003A9B5F /* ImagePicker.swift */,
			);
			path = View;
			sourceTree = "<group>";
		};
		7E11B1A02AB2B0230087843B /* Filter Manager */ = {
			isa = PBXGroup;
			children = (
				7ECE721F2AB5501800210D80 /* FilterManager.swift */,
			);
			path = "Filter Manager";
			sourceTree = "<group>";
		};
		7E11B1A12AB2B0350087843B /* UI Components */ = {
			isa = PBXGroup;
			children = (
				7EE778492AB3B8FD003A9B5F /* FilterIntensityView.swift */,
				7ECE721B2AB535E600210D80 /* FilterButton.swift */,
			);
			path = "UI Components";
			sourceTree = "<group>";
		};
		7E543BE22AAFD21C00182DE3 = {
			isa = PBXGroup;
			children = (
				7E543BED2AAFD21C00182DE3 /* Instafilter */,
				7E11B1A02AB2B0230087843B /* Filter Manager */,
				7E11B19F2AB2B0190087843B /* View */,
				7E11B19E2AB2B0070087843B /* View-Model */,
				7E11B1A12AB2B0350087843B /* UI Components */,
				7EE7784E2AB3C7E1003A9B5F /* Extensions */,
				7E543BEC2AAFD21C00182DE3 /* Products */,
			);
			sourceTree = "<group>";
		};
		7E543BEC2AAFD21C00182DE3 /* Products */ = {
			isa = PBXGroup;
			children = (
				7E543BEB2AAFD21C00182DE3 /* Instafilter.app */,
			);
			name = Products;
			sourceTree = "<group>";
		};
		7E543BED2AAFD21C00182DE3 /* Instafilter */ = {
			isa = PBXGroup;
			children = (
				7E543BEE2AAFD21C00182DE3 /* InstafilterApp.swift */,
				7E543BF22AAFD21E00182DE3 /* Assets.xcassets */,
				7E543BF42AAFD21E00182DE3 /* Preview Content */,
			);
			path = Instafilter;
			sourceTree = "<group>";
		};
		7E543BF42AAFD21E00182DE3 /* Preview Content */ = {
			isa = PBXGroup;
			children = (
				7E543BF52AAFD21E00182DE3 /* Preview Assets.xcassets */,
			);
			path = "Preview Content";
			sourceTree = "<group>";
		};
		7EE7784E2AB3C7E1003A9B5F /* Extensions */ = {
			isa = PBXGroup;
			children = (
				7EE7784F2AB3C81A003A9B5F /* ImagePickerExtension.swift */,
			);
			path = Extensions;
			sourceTree = "<group>";
		};
/* End PBXGroup section */

/* Begin PBXNativeTarget section */
		7E543BEA2AAFD21C00182DE3 /* Instafilter */ = {
			isa = PBXNativeTarget;
			buildConfigurationList = 7E543BF92AAFD21E00182DE3 /* Build configuration list for PBXNativeTarget "Instafilter" */;
			buildPhases = (
				7E543BE72AAFD21C00182DE3 /* Sources */,
				7E543BE82AAFD21C00182DE3 /* Frameworks */,
				7E543BE92AAFD21C00182DE3 /* Resources */,
			);
			buildRules = (
			);
			dependencies = (
			);
			name = Instafilter;
			productName = Instafilter;
			productReference = 7E543BEB2AAFD21C00182DE3 /* Instafilter.app */;
			productType = "com.apple.product-type.application";
		};
/* End PBXNativeTarget section */

/* Begin PBXProject section */
		7E543BE32AAFD21C00182DE3 /* Project object */ = {
			isa = PBXProject;
			attributes = {
				BuildIndependentTargetsInParallel = 1;
				LastSwiftUpdateCheck = 1430;
				LastUpgradeCheck = 1430;
				TargetAttributes = {
					7E543BEA2AAFD21C00182DE3 = {
						CreatedOnToolsVersion = 14.3.1;
					};
				};
			};
			buildConfigurationList = 7E543BE62AAFD21C00182DE3 /* Build configuration list for PBXProject "Instafilter" */;
			compatibilityVersion = "Xcode 14.0";
			developmentRegion = en;
			hasScannedForEncodings = 0;
			knownRegions = (
				en,
				Base,
			);
			mainGroup = 7E543BE22AAFD21C00182DE3;
			productRefGroup = 7E543BEC2AAFD21C00182DE3 /* Products */;
			projectDirPath = "";
			projectRoot = "";
			targets = (
				7E543BEA2AAFD21C00182DE3 /* Instafilter */,
			);
		};
/* End PBXProject section */

/* Begin PBXResourcesBuildPhase section */
		7E543BE92AAFD21C00182DE3 /* Resources */ = {
			isa = PBXResourcesBuildPhase;
			buildActionMask = 2147483647;
			files = (
				7E543BF62AAFD21E00182DE3 /* Preview Assets.xcassets in Resources */,
				7E543BF32AAFD21E00182DE3 /* Assets.xcassets in Resources */,
			);
			runOnlyForDeploymentPostprocessing = 0;
		};
/* End PBXResourcesBuildPhase section */

/* Begin PBXSourcesBuildPhase section */
		7E543BE72AAFD21C00182DE3 /* Sources */ = {
			isa = PBXSourcesBuildPhase;
			buildActionMask = 2147483647;
			files = (
				7EE7784A2AB3B8FD003A9B5F /* FilterIntensityView.swift in Sources */,
				7E11B1A32AB2B05B0087843B /* HomeView.swift in Sources */,
				7EE7784C2AB3C6E3003A9B5F /* ImagePicker.swift in Sources */,
				7EE778502AB3C81A003A9B5F /* ImagePickerExtension.swift in Sources */,
				7E5955EB2AB3A1B50054BDBC /* HomeViewModel.swift in Sources */,
				7E543BEF2AAFD21C00182DE3 /* InstafilterApp.swift in Sources */,
				7ECE721C2AB535E600210D80 /* FilterButton.swift in Sources */,
				7ECE72202AB5501800210D80 /* FilterManager.swift in Sources */,
			);
			runOnlyForDeploymentPostprocessing = 0;
		};
/* End PBXSourcesBuildPhase section */

/* Begin XCBuildConfiguration section */
		7E543BF72AAFD21E00182DE3 /* Debug */ = {
			isa = XCBuildConfiguration;
			buildSettings = {
				ALWAYS_SEARCH_USER_PATHS = NO;
				CLANG_ANALYZER_NONNULL = YES;
				CLANG_ANALYZER_NUMBER_OBJECT_CONVERSION = YES_AGGRESSIVE;
				CLANG_CXX_LANGUAGE_STANDARD = "gnu++20";
				CLANG_ENABLE_MODULES = YES;
				CLANG_ENABLE_OBJC_ARC = YES;
				CLANG_ENABLE_OBJC_WEAK = YES;
				CLANG_WARN_BLOCK_CAPTURE_AUTORELEASING = YES;
				CLANG_WARN_BOOL_CONVERSION = YES;
				CLANG_WARN_COMMA = YES;
				CLANG_WARN_CONSTANT_CONVERSION = YES;
				CLANG_WARN_DEPRECATED_OBJC_IMPLEMENTATIONS = YES;
				CLANG_WARN_DIRECT_OBJC_ISA_USAGE = YES_ERROR;
				CLANG_WARN_DOCUMENTATION_COMMENTS = YES;
				CLANG_WARN_EMPTY_BODY = YES;
				CLANG_WARN_ENUM_CONVERSION = YES;
				CLANG_WARN_INFINITE_RECURSION = YES;
				CLANG_WARN_INT_CONVERSION = YES;
				CLANG_WARN_NON_LITERAL_NULL_CONVERSION = YES;
				CLANG_WARN_OBJC_IMPLICIT_RETAIN_SELF = YES;
				CLANG_WARN_OBJC_LITERAL_CONVERSION = YES;
				CLANG_WARN_OBJC_ROOT_CLASS = YES_ERROR;
				CLANG_WARN_QUOTED_INCLUDE_IN_FRAMEWORK_HEADER = YES;
				CLANG_WARN_RANGE_LOOP_ANALYSIS = YES;
				CLANG_WARN_STRICT_PROTOTYPES = YES;
				CLANG_WARN_SUSPICIOUS_MOVE = YES;
				CLANG_WARN_UNGUARDED_AVAILABILITY = YES_AGGRESSIVE;
				CLANG_WARN_UNREACHABLE_CODE = YES;
				CLANG_WARN__DUPLICATE_METHOD_MATCH = YES;
				COPY_PHASE_STRIP = NO;
				DEBUG_INFORMATION_FORMAT = dwarf;
				ENABLE_STRICT_OBJC_MSGSEND = YES;
				ENABLE_TESTABILITY = YES;
				GCC_C_LANGUAGE_STANDARD = gnu11;
				GCC_DYNAMIC_NO_PIC = NO;
				GCC_NO_COMMON_BLOCKS = YES;
				GCC_OPTIMIZATION_LEVEL = 0;
				GCC_PREPROCESSOR_DEFINITIONS = (
					"DEBUG=1",
					"$(inherited)",
				);
				GCC_WARN_64_TO_32_BIT_CONVERSION = YES;
				GCC_WARN_ABOUT_RETURN_TYPE = YES_ERROR;
				GCC_WARN_UNDECLARED_SELECTOR = YES;
				GCC_WARN_UNINITIALIZED_AUTOS = YES_AGGRESSIVE;
				GCC_WARN_UNUSED_FUNCTION = YES;
				GCC_WARN_UNUSED_VARIABLE = YES;
				IPHONEOS_DEPLOYMENT_TARGET = 16.4;
				MTL_ENABLE_DEBUG_INFO = INCLUDE_SOURCE;
				MTL_FAST_MATH = YES;
				ONLY_ACTIVE_ARCH = YES;
				SDKROOT = iphoneos;
				SWIFT_ACTIVE_COMPILATION_CONDITIONS = DEBUG;
				SWIFT_OPTIMIZATION_LEVEL = "-Onone";
			};
			name = Debug;
		};
		7E543BF82AAFD21E00182DE3 /* Release */ = {
			isa = XCBuildConfiguration;
			buildSettings = {
				ALWAYS_SEARCH_USER_PATHS = NO;
				CLANG_ANALYZER_NONNULL = YES;
				CLANG_ANALYZER_NUMBER_OBJECT_CONVERSION = YES_AGGRESSIVE;
				CLANG_CXX_LANGUAGE_STANDARD = "gnu++20";
				CLANG_ENABLE_MODULES = YES;
				CLANG_ENABLE_OBJC_ARC = YES;
				CLANG_ENABLE_OBJC_WEAK = YES;
				CLANG_WARN_BLOCK_CAPTURE_AUTORELEASING = YES;
				CLANG_WARN_BOOL_CONVERSION = YES;
				CLANG_WARN_COMMA = YES;
				CLANG_WARN_CONSTANT_CONVERSION = YES;
				CLANG_WARN_DEPRECATED_OBJC_IMPLEMENTATIONS = YES;
				CLANG_WARN_DIRECT_OBJC_ISA_USAGE = YES_ERROR;
				CLANG_WARN_DOCUMENTATION_COMMENTS = YES;
				CLANG_WARN_EMPTY_BODY = YES;
				CLANG_WARN_ENUM_CONVERSION = YES;
				CLANG_WARN_INFINITE_RECURSION = YES;
				CLANG_WARN_INT_CONVERSION = YES;
				CLANG_WARN_NON_LITERAL_NULL_CONVERSION = YES;
				CLANG_WARN_OBJC_IMPLICIT_RETAIN_SELF = YES;
				CLANG_WARN_OBJC_LITERAL_CONVERSION = YES;
				CLANG_WARN_OBJC_ROOT_CLASS = YES_ERROR;
				CLANG_WARN_QUOTED_INCLUDE_IN_FRAMEWORK_HEADER = YES;
				CLANG_WARN_RANGE_LOOP_ANALYSIS = YES;
				CLANG_WARN_STRICT_PROTOTYPES = YES;
				CLANG_WARN_SUSPICIOUS_MOVE = YES;
				CLANG_WARN_UNGUARDED_AVAILABILITY = YES_AGGRESSIVE;
				CLANG_WARN_UNREACHABLE_CODE = YES;
				CLANG_WARN__DUPLICATE_METHOD_MATCH = YES;
				COPY_PHASE_STRIP = NO;
				DEBUG_INFORMATION_FORMAT = "dwarf-with-dsym";
				ENABLE_NS_ASSERTIONS = NO;
				ENABLE_STRICT_OBJC_MSGSEND = YES;
				GCC_C_LANGUAGE_STANDARD = gnu11;
				GCC_NO_COMMON_BLOCKS = YES;
				GCC_WARN_64_TO_32_BIT_CONVERSION = YES;
				GCC_WARN_ABOUT_RETURN_TYPE = YES_ERROR;
				GCC_WARN_UNDECLARED_SELECTOR = YES;
				GCC_WARN_UNINITIALIZED_AUTOS = YES_AGGRESSIVE;
				GCC_WARN_UNUSED_FUNCTION = YES;
				GCC_WARN_UNUSED_VARIABLE = YES;
				IPHONEOS_DEPLOYMENT_TARGET = 16.4;
				MTL_ENABLE_DEBUG_INFO = NO;
				MTL_FAST_MATH = YES;
				SDKROOT = iphoneos;
				SWIFT_COMPILATION_MODE = wholemodule;
				SWIFT_OPTIMIZATION_LEVEL = "-O";
				VALIDATE_PRODUCT = YES;
			};
			name = Release;
		};
		7E543BFA2AAFD21E00182DE3 /* Debug */ = {
			isa = XCBuildConfiguration;
			buildSettings = {
				ASSETCATALOG_COMPILER_APPICON_NAME = AppIcon;
				ASSETCATALOG_COMPILER_GLOBAL_ACCENT_COLOR_NAME = AccentColor;
				CODE_SIGN_STYLE = Automatic;
				CURRENT_PROJECT_VERSION = 1;
				DEVELOPMENT_ASSET_PATHS = "\"Instafilter/Preview Content\"";
				DEVELOPMENT_TEAM = 9798UJJCY4;
				ENABLE_PREVIEWS = YES;
				GENERATE_INFOPLIST_FILE = YES;
				INFOPLIST_KEY_UIApplicationSceneManifest_Generation = YES;
				INFOPLIST_KEY_UIApplicationSupportsIndirectInputEvents = YES;
				INFOPLIST_KEY_UILaunchScreen_Generation = YES;
				INFOPLIST_KEY_UISupportedInterfaceOrientations_iPad = "UIInterfaceOrientationPortrait UIInterfaceOrientationPortraitUpsideDown UIInterfaceOrientationLandscapeLeft UIInterfaceOrientationLandscapeRight";
				INFOPLIST_KEY_UISupportedInterfaceOrientations_iPhone = "UIInterfaceOrientationPortrait UIInterfaceOrientationLandscapeLeft UIInterfaceOrientationLandscapeRight";
				LD_RUNPATH_SEARCH_PATHS = (
					"$(inherited)",
					"@executable_path/Frameworks",
				);
				MARKETING_VERSION = 1.0;
				PRODUCT_BUNDLE_IDENTIFIER = Isaque.Instafilter;
				PRODUCT_NAME = "$(TARGET_NAME)";
				SWIFT_EMIT_LOC_STRINGS = YES;
				SWIFT_VERSION = 5.0;
				TARGETED_DEVICE_FAMILY = "1,2";
			};
			name = Debug;
		};
		7E543BFB2AAFD21E00182DE3 /* Release */ = {
			isa = XCBuildConfiguration;
			buildSettings = {
				ASSETCATALOG_COMPILER_APPICON_NAME = AppIcon;
				ASSETCATALOG_COMPILER_GLOBAL_ACCENT_COLOR_NAME = AccentColor;
				CODE_SIGN_STYLE = Automatic;
				CURRENT_PROJECT_VERSION = 1;
				DEVELOPMENT_ASSET_PATHS = "\"Instafilter/Preview Content\"";
				DEVELOPMENT_TEAM = 9798UJJCY4;
				ENABLE_PREVIEWS = YES;
				GENERATE_INFOPLIST_FILE = YES;
				INFOPLIST_KEY_UIApplicationSceneManifest_Generation = YES;
				INFOPLIST_KEY_UIApplicationSupportsIndirectInputEvents = YES;
				INFOPLIST_KEY_UILaunchScreen_Generation = YES;
				INFOPLIST_KEY_UISupportedInterfaceOrientations_iPad = "UIInterfaceOrientationPortrait UIInterfaceOrientationPortraitUpsideDown UIInterfaceOrientationLandscapeLeft UIInterfaceOrientationLandscapeRight";
				INFOPLIST_KEY_UISupportedInterfaceOrientations_iPhone = "UIInterfaceOrientationPortrait UIInterfaceOrientationLandscapeLeft UIInterfaceOrientationLandscapeRight";
				LD_RUNPATH_SEARCH_PATHS = (
					"$(inherited)",
					"@executable_path/Frameworks",
				);
				MARKETING_VERSION = 1.0;
				PRODUCT_BUNDLE_IDENTIFIER = Isaque.Instafilter;
				PRODUCT_NAME = "$(TARGET_NAME)";
				SWIFT_EMIT_LOC_STRINGS = YES;
				SWIFT_VERSION = 5.0;
				TARGETED_DEVICE_FAMILY = "1,2";
			};
			name = Release;
		};
/* End XCBuildConfiguration section */

/* Begin XCConfigurationList section */
		7E543BE62AAFD21C00182DE3 /* Build configuration list for PBXProject "Instafilter" */ = {
			isa = XCConfigurationList;
			buildConfigurations = (
				7E543BF72AAFD21E00182DE3 /* Debug */,
				7E543BF82AAFD21E00182DE3 /* Release */,
			);
			defaultConfigurationIsVisible = 0;
			defaultConfigurationName = Release;
		};
		7E543BF92AAFD21E00182DE3 /* Build configuration list for PBXNativeTarget "Instafilter" */ = {
			isa = XCConfigurationList;
			buildConfigurations = (
				7E543BFA2AAFD21E00182DE3 /* Debug */,
				7E543BFB2AAFD21E00182DE3 /* Release */,
			);
			defaultConfigurationIsVisible = 0;
			defaultConfigurationName = Release;
		};
/* End XCConfigurationList section */
	};
	rootObject = 7E543BE32AAFD21C00182DE3 /* Project object */;
}
